
Microsoft Visual Studio Solution File, Format Version 12.00
# Visual Studio Version 17
VisualStudioVersion = 17.8.34330.188
MinimumVisualStudioVersion = 10.0.40219.1
Project("{FAE04EC0-301F-11D3-BF4B-00C04F79EFBC}") = "CinemaBasicExample", "CinemaBasicExample\CinemaBasicExample.csproj", "{2F9C0D7A-6C3E-4AFE-BE27-B1F5ABE7546D}"
EndProject
Global
	GlobalSection(SolutionConfigurationPlatforms) = preSolution
		Debug|Any CPU = Debug|Any CPU
		Release|Any CPU = Release|Any CPU
	EndGlobalSection
	GlobalSection(ProjectConfigurationPlatforms) = postSolution
		{2F9C0D7A-6C3E-4AFE-BE27-B1F5ABE7546D}.Debug|Any CPU.ActiveCfg = Debug|Any CPU
		{2F9C0D7A-6C3E-4AFE-BE27-B1F5ABE7546D}.Debug|Any CPU.Build.0 = Debug|Any CPU
		{2F9C0D7A-6C3E-4AFE-BE27-B1F5ABE7546D}.Release|Any CPU.ActiveCfg = Release|Any CPU
		{2F9C0D7A-6C3E-4AFE-BE27-B1F5ABE7546D}.Release|Any CPU.Build.0 = Release|Any CPU
	EndGlobalSection
	GlobalSection(SolutionProperties) = preSolution
		HideSolutionNode = FALSE
	EndGlobalSection
	GlobalSection(ExtensibilityGlobals) = postSolution
		SolutionGuid = {5FC655BC-8CF9-4185-BDFD-783ECB0AB220}
	EndGlobalSection
EndGlobal
